
Microsoft Visual Studio Solution File, Format Version 12.00
# Visual Studio 15
VisualStudioVersion = 15.0.28307.421
MinimumVisualStudioVersion = 10.0.40219.1
Project("{FAE04EC0-301F-11D3-BF4B-00C04F79EFBC}") = "SimuladorProcesos", "SimuladorProcesos\SimuladorProcesos.csproj", "{667AC7A4-6196-4360-8289-337D381EFF63}"
EndProject
Global
	GlobalSection(SolutionConfigurationPlatforms) = preSolution
		Debug|Any CPU = Debug|Any CPU
		Release|Any CPU = Release|Any CPU
	EndGlobalSection
	GlobalSection(ProjectConfigurationPlatforms) = postSolution
		{667AC7A4-6196-4360-8289-337D381EFF63}.Debug|Any CPU.ActiveCfg = Debug|Any CPU
		{667AC7A4-6196-4360-8289-337D381EFF63}.Debug|Any CPU.Build.0 = Debug|Any CPU
		{667AC7A4-6196-4360-8289-337D381EFF63}.Release|Any CPU.ActiveCfg = Release|Any CPU
		{667AC7A4-6196-4360-8289-337D381EFF63}.Release|Any CPU.Build.0 = Release|Any CPU
	EndGlobalSection
	GlobalSection(SolutionProperties) = preSolution
		HideSolutionNode = FALSE
	EndGlobalSection
	GlobalSection(ExtensibilityGlobals) = postSolution
		SolutionGuid = {37524C29-666D-489A-BAA1-78F2CBB88A80}
	EndGlobalSection
EndGlobal
